
Microsoft Visual Studio Solution File, Format Version 12.00
# Visual Studio Version 17
VisualStudioVersion = 17.3.32825.248
MinimumVisualStudioVersion = 10.0.40219.1
Project("{8BC9CEB8-8B4A-11D0-8D11-00A0C91BC942}") = "CPS271_MP1", "CPS271_MP1\CPS271_MP1.vcxproj", "{BC9AC850-3977-401E-8906-A40D5771AC9B}"
EndProject
Global
	GlobalSection(SolutionConfigurationPlatforms) = preSolution
		Debug|x64 = Debug|x64
		Debug|x86 = Debug|x86
		Release|x64 = Release|x64
		Release|x86 = Release|x86
	EndGlobalSection
	GlobalSection(ProjectConfigurationPlatforms) = postSolution
		{BC9AC850-3977-401E-8906-A40D5771AC9B}.Debug|x64.ActiveCfg = Debug|x64
		{BC9AC850-3977-401E-8906-A40D5771AC9B}.Debug|x64.Build.0 = Debug|x64
		{BC9AC850-3977-401E-8906-A40D5771AC9B}.Debug|x86.ActiveCfg = Debug|Win32
		{BC9AC850-3977-401E-8906-A40D5771AC9B}.Debug|x86.Build.0 = Debug|Win32
		{BC9AC850-3977-401E-8906-A40D5771AC9B}.Release|x64.ActiveCfg = Release|x64
		{BC9AC850-3977-401E-8906-A40D5771AC9B}.Release|x64.Build.0 = Release|x64
		{BC9AC850-3977-401E-8906-A40D5771AC9B}.Release|x86.ActiveCfg = Release|Win32
		{BC9AC850-3977-401E-8906-A40D5771AC9B}.Release|x86.Build.0 = Release|Win32
	EndGlobalSection
	GlobalSection(SolutionProperties) = preSolution
		HideSolutionNode = FALSE
	EndGlobalSection
	GlobalSection(ExtensibilityGlobals) = postSolution
		SolutionGuid = {D6C82F2D-4B95-4A16-B1D9-53CE6EF6E922}
	EndGlobalSection
EndGlobal
